
Microsoft Visual Studio Solution File, Format Version 12.00
# Visual Studio Version 17
VisualStudioVersion = 17.4.33103.184
MinimumVisualStudioVersion = 10.0.40219.1
Project("{2150E333-8FDC-42A3-9474-1A3956D46DE8}") = "Solution Items", "Solution Items", "{BB3EEE40-8F51-4E9A-AA4D-A2C3CF967AEA}"
	ProjectSection(SolutionItems) = preProject
		Benchmarks.md = Benchmarks.md
		CodingGuidelines.txt = CodingGuidelines.txt
		LICENSE.txt = LICENSE.txt
		README.md = README.md
	EndProjectSection
EndProject
Project("{9A19103F-16F7-4668-BE54-9A1E7A4F7556}") = "DbC.Net", "DbC.Net\DbC.Net.csproj", "{4D3117D9-2E08-48DA-9268-D071B0C13059}"
EndProject
Project("{9A19103F-16F7-4668-BE54-9A1E7A4F7556}") = "DbC.Net.Tests.Unit", "DbC.Net.Tests.Unit\DbC.Net.Tests.Unit.csproj", "{1C43D80F-3989-42D6-BCB0-59F1554F5BED}"
EndProject
Project("{9A19103F-16F7-4668-BE54-9A1E7A4F7556}") = "DbC.Net.Tests.Benchmarks", "DbC.Net.Tests.Benchmarks\DbC.Net.Tests.Benchmarks.csproj", "{B19BBF13-B126-40E8-9A48-EF042DD64C30}"
EndProject
Project("{9A19103F-16F7-4668-BE54-9A1E7A4F7556}") = "DbC.Net.Examples", "DbC.Net.Examples\DbC.Net.Examples.csproj", "{A8559FDF-3E9B-4D4C-B08D-FBAD86EA5BDD}"
EndProject
Project("{9A19103F-16F7-4668-BE54-9A1E7A4F7556}") = "DbC.Net.TestAndExampleResources", "DbC.Net.TestAndExampleResources\DbC.Net.TestAndExampleResources.csproj", "{42122027-EB5E-405B-A605-0DEC6EB83BA1}"
EndProject
Project("{2150E333-8FDC-42A3-9474-1A3956D46DE8}") = "Documentation", "Documentation", "{72254BA1-52A7-4B81-A595-76580B77647E}"
	ProjectSection(SolutionItems) = preProject
		Documentation\AlphaNumericOnly.md = Documentation\AlphaNumericOnly.md
		Documentation\ApproximatelyEqual.md = Documentation\ApproximatelyEqual.md
		Documentation\Between.md = Documentation\Between.md
		Documentation\Contains.md = Documentation\Contains.md
		Documentation\DigitsOnly.md = Documentation\DigitsOnly.md
		Documentation\EndsWith.md = Documentation\EndsWith.md
		Documentation\Equal.md = Documentation\Equal.md
		Documentation\GreaterThan.md = Documentation\GreaterThan.md
		Documentation\GreaterThanOrEqual.md = Documentation\GreaterThanOrEqual.md
		Documentation\GreaterThanOrEqualToZero.md = Documentation\GreaterThanOrEqualToZero.md
		Documentation\GreaterThanZero.md = Documentation\GreaterThanZero.md
		Documentation\LessThan.md = Documentation\LessThan.md
		Documentation\LessThanOrEqual.md = Documentation\LessThanOrEqual.md
		Documentation\LessThanOrEqualToZero.md = Documentation\LessThanOrEqualToZero.md
		Documentation\LessThanZero.md = Documentation\LessThanZero.md
		Documentation\MaxLength.md = Documentation\MaxLength.md
		Documentation\MinLength.md = Documentation\MinLength.md
		Documentation\NotDefault.md = Documentation\NotDefault.md
		Documentation\NotEmptyOrWhiteSpace.md = Documentation\NotEmptyOrWhiteSpace.md
		Documentation\NotEqual.md = Documentation\NotEqual.md
		Documentation\NotNull.md = Documentation\NotNull.md
		Documentation\NotNullOrEmpty.md = Documentation\NotNullOrEmpty.md
		Documentation\NotNullOrWhiteSpace.md = Documentation\NotNullOrWhiteSpace.md
		Documentation\StartsWith.md = Documentation\StartsWith.md
	EndProjectSection
EndProject
Global
	GlobalSection(SolutionConfigurationPlatforms) = preSolution
		Debug|Any CPU = Debug|Any CPU
		Release|Any CPU = Release|Any CPU
	EndGlobalSection
	GlobalSection(ProjectConfigurationPlatforms) = postSolution
		{4D3117D9-2E08-48DA-9268-D071B0C13059}.Debug|Any CPU.ActiveCfg = Debug|Any CPU
		{4D3117D9-2E08-48DA-9268-D071B0C13059}.Debug|Any CPU.Build.0 = Debug|Any CPU
		{4D3117D9-2E08-48DA-9268-D071B0C13059}.Release|Any CPU.ActiveCfg = Release|Any CPU
		{4D3117D9-2E08-48DA-9268-D071B0C13059}.Release|Any CPU.Build.0 = Release|Any CPU
		{1C43D80F-3989-42D6-BCB0-59F1554F5BED}.Debug|Any CPU.ActiveCfg = Debug|Any CPU
		{1C43D80F-3989-42D6-BCB0-59F1554F5BED}.Debug|Any CPU.Build.0 = Debug|Any CPU
		{1C43D80F-3989-42D6-BCB0-59F1554F5BED}.Release|Any CPU.ActiveCfg = Release|Any CPU
		{1C43D80F-3989-42D6-BCB0-59F1554F5BED}.Release|Any CPU.Build.0 = Release|Any CPU
		{B19BBF13-B126-40E8-9A48-EF042DD64C30}.Debug|Any CPU.ActiveCfg = Debug|Any CPU
		{B19BBF13-B126-40E8-9A48-EF042DD64C30}.Debug|Any CPU.Build.0 = Debug|Any CPU
		{B19BBF13-B126-40E8-9A48-EF042DD64C30}.Release|Any CPU.ActiveCfg = Release|Any CPU
		{B19BBF13-B126-40E8-9A48-EF042DD64C30}.Release|Any CPU.Build.0 = Release|Any CPU
		{A8559FDF-3E9B-4D4C-B08D-FBAD86EA5BDD}.Debug|Any CPU.ActiveCfg = Debug|Any CPU
		{A8559FDF-3E9B-4D4C-B08D-FBAD86EA5BDD}.Debug|Any CPU.Build.0 = Debug|Any CPU
		{A8559FDF-3E9B-4D4C-B08D-FBAD86EA5BDD}.Release|Any CPU.ActiveCfg = Release|Any CPU
		{A8559FDF-3E9B-4D4C-B08D-FBAD86EA5BDD}.Release|Any CPU.Build.0 = Release|Any CPU
		{42122027-EB5E-405B-A605-0DEC6EB83BA1}.Debug|Any CPU.ActiveCfg = Debug|Any CPU
		{42122027-EB5E-405B-A605-0DEC6EB83BA1}.Debug|Any CPU.Build.0 = Debug|Any CPU
		{42122027-EB5E-405B-A605-0DEC6EB83BA1}.Release|Any CPU.ActiveCfg = Release|Any CPU
		{42122027-EB5E-405B-A605-0DEC6EB83BA1}.Release|Any CPU.Build.0 = Release|Any CPU
	EndGlobalSection
	GlobalSection(SolutionProperties) = preSolution
		HideSolutionNode = FALSE
	EndGlobalSection
	GlobalSection(NestedProjects) = preSolution
		{72254BA1-52A7-4B81-A595-76580B77647E} = {BB3EEE40-8F51-4E9A-AA4D-A2C3CF967AEA}
	EndGlobalSection
	GlobalSection(ExtensibilityGlobals) = postSolution
		SolutionGuid = {76161FF2-A812-4791-A3EE-BB4B7B59E380}
	EndGlobalSection
EndGlobal
